
Microsoft Visual Studio Solution File, Format Version 12.00
# Visual Studio Version 17
VisualStudioVersion = 17.0.31912.275
MinimumVisualStudioVersion = 10.0.40219.1
Project("{9A19103F-16F7-4668-BE54-9A1E7A4F7556}") = "WebApi", "WebApi\WebApi.csproj", "{63DF710F-61BD-4E4B-8A3A-18F9ED4FAA45}"
EndProject
Project("{9A19103F-16F7-4668-BE54-9A1E7A4F7556}") = "Domain", "Domain\Domain.csproj", "{634BDE6F-390A-4883-B43F-7FF4EDB98E27}"
EndProject
Project("{9A19103F-16F7-4668-BE54-9A1E7A4F7556}") = "Application", "Application\Application.csproj", "{0423E59E-DB89-4EA2-8663-108451D4C96B}"
EndProject
Project("{9A19103F-16F7-4668-BE54-9A1E7A4F7556}") = "Infrastructure", "Infrastructure\Infrastructure.csproj", "{43E4A3A0-810A-45FD-8AB6-815D17E687C8}"
EndProject
Project("{2150E333-8FDC-42A3-9474-1A3956D46DE8}") = "tests", "tests", "{9196B4D9-EB88-476D-8019-F32FED1AF2F2}"
EndProject
Project("{2150E333-8FDC-42A3-9474-1A3956D46DE8}") = "api", "api", "{9F47B409-BAE2-44DD-9D0E-EBECC0BA9D88}"
EndProject
Project("{9A19103F-16F7-4668-BE54-9A1E7A4F7556}") = "Application.IntegrationTest", "..\..\..\tests\Services\CSharpOnlinePlatform\Application.IntegrationTest\Application.IntegrationTest.csproj", "{63B74783-B12C-4BE0-9D4F-269E0E761C46}"
EndProject
Project("{9A19103F-16F7-4668-BE54-9A1E7A4F7556}") = "Application.Test", "..\..\..\tests\Services\CSharpOnlinePlatform\Application.Test\Application.Test.csproj", "{F936C43A-8055-4183-B800-71D0CDE4EE8B}"
EndProject
Project("{9A19103F-16F7-4668-BE54-9A1E7A4F7556}") = "Domain.Test", "..\..\..\tests\Services\CSharpOnlinePlatform\Domain.Test\Domain.Test.csproj", "{AA8C9CDF-0540-46C4-B811-77C4E94FF2C3}"
EndProject
Project("{9A19103F-16F7-4668-BE54-9A1E7A4F7556}") = "Infrastructure.Test", "..\..\..\tests\Services\CSharpOnlinePlatform\Infrastructure.Test\Infrastructure.Test.csproj", "{E1E5FB91-2652-4702-A311-F0FAACC82629}"
EndProject
Project("{9A19103F-16F7-4668-BE54-9A1E7A4F7556}") = "WebApi.Test", "..\..\..\tests\Services\CSharpOnlinePlatform\WebApi.Test\WebApi.Test.csproj", "{F02CBFE3-CF84-4097-9751-A9A7D0EB051E}"
EndProject
Project("{2150E333-8FDC-42A3-9474-1A3956D46DE8}") = "Core", "Core", "{B22D5C83-DBA7-4FBE-8A2E-B67525B6CB79}"
EndProject
Project("{9A19103F-16F7-4668-BE54-9A1E7A4F7556}") = "Core", "..\..\Core\Core.csproj", "{BD17CC07-D6DE-4A98-B3F7-CCBF995C34DC}"
EndProject
Project("{2150E333-8FDC-42A3-9474-1A3956D46DE8}") = "Core", "Core", "{BB9A0D8B-87E0-405F-B4A7-821A679344A7}"
EndProject
Project("{9A19103F-16F7-4668-BE54-9A1E7A4F7556}") = "Core.Test", "..\..\..\tests\Core.Test\Core.Test.csproj", "{91B2E04C-B36D-4FC7-A63B-BD3E13AA05DC}"
EndProject
Project("{FAE04EC0-301F-11D3-BF4B-00C04F79EFBC}") = "Application.Contracts", "Application.Contracts\Application.Contracts.csproj", "{B8E85BC2-C33B-4847-8D80-FB38F0150E32}"
EndProject
Global
	GlobalSection(SolutionConfigurationPlatforms) = preSolution
		Debug|Any CPU = Debug|Any CPU
		Release|Any CPU = Release|Any CPU
	EndGlobalSection
	GlobalSection(ProjectConfigurationPlatforms) = postSolution
		{63DF710F-61BD-4E4B-8A3A-18F9ED4FAA45}.Debug|Any CPU.ActiveCfg = Debug|Any CPU
		{63DF710F-61BD-4E4B-8A3A-18F9ED4FAA45}.Debug|Any CPU.Build.0 = Debug|Any CPU
		{63DF710F-61BD-4E4B-8A3A-18F9ED4FAA45}.Release|Any CPU.ActiveCfg = Release|Any CPU
		{63DF710F-61BD-4E4B-8A3A-18F9ED4FAA45}.Release|Any CPU.Build.0 = Release|Any CPU
		{634BDE6F-390A-4883-B43F-7FF4EDB98E27}.Debug|Any CPU.ActiveCfg = Debug|Any CPU
		{634BDE6F-390A-4883-B43F-7FF4EDB98E27}.Debug|Any CPU.Build.0 = Debug|Any CPU
		{634BDE6F-390A-4883-B43F-7FF4EDB98E27}.Release|Any CPU.ActiveCfg = Release|Any CPU
		{634BDE6F-390A-4883-B43F-7FF4EDB98E27}.Release|Any CPU.Build.0 = Release|Any CPU
		{0423E59E-DB89-4EA2-8663-108451D4C96B}.Debug|Any CPU.ActiveCfg = Debug|Any CPU
		{0423E59E-DB89-4EA2-8663-108451D4C96B}.Debug|Any CPU.Build.0 = Debug|Any CPU
		{0423E59E-DB89-4EA2-8663-108451D4C96B}.Release|Any CPU.ActiveCfg = Release|Any CPU
		{0423E59E-DB89-4EA2-8663-108451D4C96B}.Release|Any CPU.Build.0 = Release|Any CPU
		{43E4A3A0-810A-45FD-8AB6-815D17E687C8}.Debug|Any CPU.ActiveCfg = Debug|Any CPU
		{43E4A3A0-810A-45FD-8AB6-815D17E687C8}.Debug|Any CPU.Build.0 = Debug|Any CPU
		{43E4A3A0-810A-45FD-8AB6-815D17E687C8}.Release|Any CPU.ActiveCfg = Release|Any CPU
		{43E4A3A0-810A-45FD-8AB6-815D17E687C8}.Release|Any CPU.Build.0 = Release|Any CPU
		{63B74783-B12C-4BE0-9D4F-269E0E761C46}.Debug|Any CPU.ActiveCfg = Debug|Any CPU
		{63B74783-B12C-4BE0-9D4F-269E0E761C46}.Debug|Any CPU.Build.0 = Debug|Any CPU
		{63B74783-B12C-4BE0-9D4F-269E0E761C46}.Release|Any CPU.ActiveCfg = Release|Any CPU
		{63B74783-B12C-4BE0-9D4F-269E0E761C46}.Release|Any CPU.Build.0 = Release|Any CPU
		{F936C43A-8055-4183-B800-71D0CDE4EE8B}.Debug|Any CPU.ActiveCfg = Debug|Any CPU
		{F936C43A-8055-4183-B800-71D0CDE4EE8B}.Debug|Any CPU.Build.0 = Debug|Any CPU
		{F936C43A-8055-4183-B800-71D0CDE4EE8B}.Release|Any CPU.ActiveCfg = Release|Any CPU
		{F936C43A-8055-4183-B800-71D0CDE4EE8B}.Release|Any CPU.Build.0 = Release|Any CPU
		{AA8C9CDF-0540-46C4-B811-77C4E94FF2C3}.Debug|Any CPU.ActiveCfg = Debug|Any CPU
		{AA8C9CDF-0540-46C4-B811-77C4E94FF2C3}.Debug|Any CPU.Build.0 = Debug|Any CPU
		{AA8C9CDF-0540-46C4-B811-77C4E94FF2C3}.Release|Any CPU.ActiveCfg = Release|Any CPU
		{AA8C9CDF-0540-46C4-B811-77C4E94FF2C3}.Release|Any CPU.Build.0 = Release|Any CPU
		{E1E5FB91-2652-4702-A311-F0FAACC82629}.Debug|Any CPU.ActiveCfg = Debug|Any CPU
		{E1E5FB91-2652-4702-A311-F0FAACC82629}.Debug|Any CPU.Build.0 = Debug|Any CPU
		{E1E5FB91-2652-4702-A311-F0FAACC82629}.Release|Any CPU.ActiveCfg = Release|Any CPU
		{E1E5FB91-2652-4702-A311-F0FAACC82629}.Release|Any CPU.Build.0 = Release|Any CPU
		{F02CBFE3-CF84-4097-9751-A9A7D0EB051E}.Debug|Any CPU.ActiveCfg = Debug|Any CPU
		{F02CBFE3-CF84-4097-9751-A9A7D0EB051E}.Debug|Any CPU.Build.0 = Debug|Any CPU
		{F02CBFE3-CF84-4097-9751-A9A7D0EB051E}.Release|Any CPU.ActiveCfg = Release|Any CPU
		{F02CBFE3-CF84-4097-9751-A9A7D0EB051E}.Release|Any CPU.Build.0 = Release|Any CPU
		{BD17CC07-D6DE-4A98-B3F7-CCBF995C34DC}.Debug|Any CPU.ActiveCfg = Debug|Any CPU
		{BD17CC07-D6DE-4A98-B3F7-CCBF995C34DC}.Debug|Any CPU.Build.0 = Debug|Any CPU
		{BD17CC07-D6DE-4A98-B3F7-CCBF995C34DC}.Release|Any CPU.ActiveCfg = Release|Any CPU
		{BD17CC07-D6DE-4A98-B3F7-CCBF995C34DC}.Release|Any CPU.Build.0 = Release|Any CPU
		{91B2E04C-B36D-4FC7-A63B-BD3E13AA05DC}.Debug|Any CPU.ActiveCfg = Debug|Any CPU
		{91B2E04C-B36D-4FC7-A63B-BD3E13AA05DC}.Debug|Any CPU.Build.0 = Debug|Any CPU
		{91B2E04C-B36D-4FC7-A63B-BD3E13AA05DC}.Release|Any CPU.ActiveCfg = Release|Any CPU
		{91B2E04C-B36D-4FC7-A63B-BD3E13AA05DC}.Release|Any CPU.Build.0 = Release|Any CPU
		{B8E85BC2-C33B-4847-8D80-FB38F0150E32}.Debug|Any CPU.ActiveCfg = Debug|Any CPU
		{B8E85BC2-C33B-4847-8D80-FB38F0150E32}.Debug|Any CPU.Build.0 = Debug|Any CPU
		{B8E85BC2-C33B-4847-8D80-FB38F0150E32}.Release|Any CPU.ActiveCfg = Release|Any CPU
		{B8E85BC2-C33B-4847-8D80-FB38F0150E32}.Release|Any CPU.Build.0 = Release|Any CPU
	EndGlobalSection
	GlobalSection(SolutionProperties) = preSolution
		HideSolutionNode = FALSE
	EndGlobalSection
	GlobalSection(NestedProjects) = preSolution
		{63DF710F-61BD-4E4B-8A3A-18F9ED4FAA45} = {9F47B409-BAE2-44DD-9D0E-EBECC0BA9D88}
		{634BDE6F-390A-4883-B43F-7FF4EDB98E27} = {9F47B409-BAE2-44DD-9D0E-EBECC0BA9D88}
		{0423E59E-DB89-4EA2-8663-108451D4C96B} = {9F47B409-BAE2-44DD-9D0E-EBECC0BA9D88}
		{43E4A3A0-810A-45FD-8AB6-815D17E687C8} = {9F47B409-BAE2-44DD-9D0E-EBECC0BA9D88}
		{63B74783-B12C-4BE0-9D4F-269E0E761C46} = {9196B4D9-EB88-476D-8019-F32FED1AF2F2}
		{F936C43A-8055-4183-B800-71D0CDE4EE8B} = {9196B4D9-EB88-476D-8019-F32FED1AF2F2}
		{AA8C9CDF-0540-46C4-B811-77C4E94FF2C3} = {9196B4D9-EB88-476D-8019-F32FED1AF2F2}
		{E1E5FB91-2652-4702-A311-F0FAACC82629} = {9196B4D9-EB88-476D-8019-F32FED1AF2F2}
		{F02CBFE3-CF84-4097-9751-A9A7D0EB051E} = {9196B4D9-EB88-476D-8019-F32FED1AF2F2}
		{BD17CC07-D6DE-4A98-B3F7-CCBF995C34DC} = {B22D5C83-DBA7-4FBE-8A2E-B67525B6CB79}
		{BB9A0D8B-87E0-405F-B4A7-821A679344A7} = {9196B4D9-EB88-476D-8019-F32FED1AF2F2}
		{91B2E04C-B36D-4FC7-A63B-BD3E13AA05DC} = {BB9A0D8B-87E0-405F-B4A7-821A679344A7}
		{B8E85BC2-C33B-4847-8D80-FB38F0150E32} = {9F47B409-BAE2-44DD-9D0E-EBECC0BA9D88}
	EndGlobalSection
	GlobalSection(ExtensibilityGlobals) = postSolution
		SolutionGuid = {274AC2C4-6B2A-4AF8-94EC-6FEB99E5F96C}
	EndGlobalSection
EndGlobal
